
Microsoft Visual Studio Solution File, Format Version 12.00
# Visual Studio Version 17
VisualStudioVersion = 17.2.32519.379
MinimumVisualStudioVersion = 10.0.40219.1
Project("{9A19103F-16F7-4668-BE54-9A1E7A4F7556}") = "CipherTask", "CipherTask\CipherTask.csproj", "{F28834FF-F6CB-4DC4-B63C-58AD87439D24}"
EndProject
Project("{FAE04EC0-301F-11D3-BF4B-00C04F79EFBC}") = "CipherTests", "CipherTests\CipherTests.csproj", "{90392DE2-74CB-45D1-89AC-B575D3EAD72C}"
EndProject
Global
	GlobalSection(SolutionConfigurationPlatforms) = preSolution
		Debug|Any CPU = Debug|Any CPU
		Release|Any CPU = Release|Any CPU
	EndGlobalSection
	GlobalSection(ProjectConfigurationPlatforms) = postSolution
		{F28834FF-F6CB-4DC4-B63C-58AD87439D24}.Debug|Any CPU.ActiveCfg = Debug|Any CPU
		{F28834FF-F6CB-4DC4-B63C-58AD87439D24}.Debug|Any CPU.Build.0 = Debug|Any CPU
		{F28834FF-F6CB-4DC4-B63C-58AD87439D24}.Release|Any CPU.ActiveCfg = Release|Any CPU
		{F28834FF-F6CB-4DC4-B63C-58AD87439D24}.Release|Any CPU.Build.0 = Release|Any CPU
		{90392DE2-74CB-45D1-89AC-B575D3EAD72C}.Debug|Any CPU.ActiveCfg = Debug|Any CPU
		{90392DE2-74CB-45D1-89AC-B575D3EAD72C}.Debug|Any CPU.Build.0 = Debug|Any CPU
		{90392DE2-74CB-45D1-89AC-B575D3EAD72C}.Release|Any CPU.ActiveCfg = Release|Any CPU
		{90392DE2-74CB-45D1-89AC-B575D3EAD72C}.Release|Any CPU.Build.0 = Release|Any CPU
	EndGlobalSection
	GlobalSection(SolutionProperties) = preSolution
		HideSolutionNode = FALSE
	EndGlobalSection
	GlobalSection(ExtensibilityGlobals) = postSolution
		SolutionGuid = {5FEB5CA3-276C-4498-A886-0B6BEE15C271}
	EndGlobalSection
EndGlobal
